// !$*UTF8*$!
{
	archiveVersion = 1;
	classes = {
	};
	objectVersion = 77;
	objects = {

/* Begin PBXBuildFile section */
		8E7164092E850ABE00D55E0F /* SQLiteData in Frameworks */ = {isa = PBXBuildFile; productRef = 8E7164082E850ABE00D55E0F /* SQLiteData */; };
/* End PBXBuildFile section */

/* Begin PBXContainerItemProxy section */
		8E7163EB2E85093500D55E0F /* PBXContainerItemProxy */ = {
			isa = PBXContainerItemProxy;
			containerPortal = 8E7163D52E85093300D55E0F /* Project object */;
			proxyType = 1;
			remoteGlobalIDString = 8E7163DC2E85093400D55E0F;
			remoteInfo = SQLSandbox;
		};
		8E7163F52E85093500D55E0F /* PBXContainerItemProxy */ = {
			isa = PBXContainerItemProxy;
			containerPortal = 8E7163D52E85093300D55E0F /* Project object */;
			proxyType = 1;
			remoteGlobalIDString = 8E7163DC2E85093400D55E0F;
			remoteInfo = SQLSandbox;
		};
/* End PBXContainerItemProxy section */

/* Begin PBXFileReference section */
		8E7163DD2E85093400D55E0F /* SQLSandbox.app */ = {isa = PBXFileReference; explicitFileType = wrapper.application; includeInIndex = 0; path = SQLSandbox.app; sourceTree = BUILT_PRODUCTS_DIR; };
		8E7163EA2E85093500D55E0F /* SQLSandboxTests.xctest */ = {isa = PBXFileReference; explicitFileType = wrapper.cfbundle; includeInIndex = 0; path = SQLSandboxTests.xctest; sourceTree = BUILT_PRODUCTS_DIR; };
		8E7163F42E85093500D55E0F /* SQLSandboxUITests.xctest */ = {isa = PBXFileReference; explicitFileType = wrapper.cfbundle; includeInIndex = 0; path = SQLSandboxUITests.xctest; sourceTree = BUILT_PRODUCTS_DIR; };
/* End PBXFileReference section */

/* Begin PBXFileSystemSynchronizedRootGroup section */
		8E7163DF2E85093400D55E0F /* SQLSandbox */ = {
			isa = PBXFileSystemSynchronizedRootGroup;
			path = SQLSandbox;
			sourceTree = "<group>";
		};
		8E7163ED2E85093500D55E0F /* SQLSandboxTests */ = {
			isa = PBXFileSystemSynchronizedRootGroup;
			path = SQLSandboxTests;
			sourceTree = "<group>";
		};
/* End PBXFileSystemSynchronizedRootGroup section */

/* Begin PBXFrameworksBuildPhase section */
		8E7163DA2E85093400D55E0F /* Frameworks */ = {
			isa = PBXFrameworksBuildPhase;
			buildActionMask = 2147483647;
			files = (
				8E7164092E850ABE00D55E0F /* SQLiteData in Frameworks */,
			);
			runOnlyForDeploymentPostprocessing = 0;
		};
		8E7163E72E85093500D55E0F /* Frameworks */ = {
			isa = PBXFrameworksBuildPhase;
			buildActionMask = 2147483647;
			files = (
			);
			runOnlyForDeploymentPostprocessing = 0;
		};
		8E7163F12E85093500D55E0F /* Frameworks */ = {
			isa = PBXFrameworksBuildPhase;
			buildActionMask = 2147483647;
			files = (
			);
			runOnlyForDeploymentPostprocessing = 0;
		};
/* End PBXFrameworksBuildPhase section */

/* Begin PBXGroup section */
		8E7163D42E85093300D55E0F = {
			isa = PBXGroup;
			children = (
				8E7163DF2E85093400D55E0F /* SQLSandbox */,
				8E7163ED2E85093500D55E0F /* SQLSandboxTests */,
				8E7163DE2E85093400D55E0F /* Products */,
			);
			sourceTree = "<group>";
		};
		8E7163DE2E85093400D55E0F /* Products */ = {
			isa = PBXGroup;
			children = (
				8E7163DD2E85093400D55E0F /* SQLSandbox.app */,
				8E7163EA2E85093500D55E0F /* SQLSandboxTests.xctest */,
				8E7163F42E85093500D55E0F /* SQLSandboxUITests.xctest */,
			);
			name = Products;
			sourceTree = "<group>";
		};
/* End PBXGroup section */

/* Begin PBXNativeTarget section */
		8E7163DC2E85093400D55E0F /* SQLSandbox */ = {
			isa = PBXNativeTarget;
			buildConfigurationList = 8E7163FE2E85093500D55E0F /* Build configuration list for PBXNativeTarget "SQLSandbox" */;
			buildPhases = (
				8E7163D92E85093400D55E0F /* Sources */,
				8E7163DA2E85093400D55E0F /* Frameworks */,
				8E7163DB2E85093400D55E0F /* Resources */,
			);
			buildRules = (
			);
			dependencies = (
			);
			fileSystemSynchronizedGroups = (
				8E7163DF2E85093400D55E0F /* SQLSandbox */,
			);
			name = SQLSandbox;
			packageProductDependencies = (
				8E7164082E850ABE00D55E0F /* SQLiteData */,
			);
			productName = SQLSandbox;
			productReference = 8E7163DD2E85093400D55E0F /* SQLSandbox.app */;
			productType = "com.apple.product-type.application";
		};
		8E7163E92E85093500D55E0F /* SQLSandboxTests */ = {
			isa = PBXNativeTarget;
			buildConfigurationList = 8E7164012E85093500D55E0F /* Build configuration list for PBXNativeTarget "SQLSandboxTests" */;
			buildPhases = (
				8E7163E62E85093500D55E0F /* Sources */,
				8E7163E72E85093500D55E0F /* Frameworks */,
				8E7163E82E85093500D55E0F /* Resources */,
			);
			buildRules = (
			);
			dependencies = (
				8E7163EC2E85093500D55E0F /* PBXTargetDependency */,
			);
			fileSystemSynchronizedGroups = (
				8E7163ED2E85093500D55E0F /* SQLSandboxTests */,
			);
			name = SQLSandboxTests;
			packageProductDependencies = (
			);
			productName = SQLSandboxTests;
			productReference = 8E7163EA2E85093500D55E0F /* SQLSandboxTests.xctest */;
			productType = "com.apple.product-type.bundle.unit-test";
		};
		8E7163F32E85093500D55E0F /* SQLSandboxUITests */ = {
			isa = PBXNativeTarget;
			buildConfigurationList = 8E7164042E85093500D55E0F /* Build configuration list for PBXNativeTarget "SQLSandboxUITests" */;
			buildPhases = (
				8E7163F02E85093500D55E0F /* Sources */,
				8E7163F12E85093500D55E0F /* Frameworks */,
				8E7163F22E85093500D55E0F /* Resources */,
			);
			buildRules = (
			);
			dependencies = (
				8E7163F62E85093500D55E0F /* PBXTargetDependency */,
			);
			name = SQLSandboxUITests;
			packageProductDependencies = (
			);
			productName = SQLSandboxUITests;
			productReference = 8E7163F42E85093500D55E0F /* SQLSandboxUITests.xctest */;
			productType = "com.apple.product-type.bundle.ui-testing";
		};
/* End PBXNativeTarget section */

/* Begin PBXProject section */
		8E7163D52E85093300D55E0F /* Project object */ = {
			isa = PBXProject;
			attributes = {
				BuildIndependentTargetsInParallel = 1;
				LastSwiftUpdateCheck = 2600;
				LastUpgradeCheck = 2600;
				TargetAttributes = {
					8E7163DC2E85093400D55E0F = {
						CreatedOnToolsVersion = 26.0.1;
					};
					8E7163E92E85093500D55E0F = {
						CreatedOnToolsVersion = 26.0.1;
						TestTargetID = 8E7163DC2E85093400D55E0F;
					};
					8E7163F32E85093500D55E0F = {
						CreatedOnToolsVersion = 26.0.1;
						TestTargetID = 8E7163DC2E85093400D55E0F;
					};
				};
			};
			buildConfigurationList = 8E7163D82E85093300D55E0F /* Build configuration list for PBXProject "SQLSandbox" */;
			developmentRegion = en;
			hasScannedForEncodings = 0;
			knownRegions = (
				en,
				Base,
			);
			mainGroup = 8E7163D42E85093300D55E0F;
			minimizedProjectReferenceProxies = 1;
			packageReferences = (
				8E7164072E850ABE00D55E0F /* XCRemoteSwiftPackageReference "sqlite-data" */,
			);
			preferredProjectObjectVersion = 77;
			productRefGroup = 8E7163DE2E85093400D55E0F /* Products */;
			projectDirPath = "";
			projectRoot = "";
			targets = (
				8E7163DC2E85093400D55E0F /* SQLSandbox */,
				8E7163E92E85093500D55E0F /* SQLSandboxTests */,
				8E7163F32E85093500D55E0F /* SQLSandboxUITests */,
			);
		};
/* End PBXProject section */

/* Begin PBXResourcesBuildPhase section */
		8E7163DB2E85093400D55E0F /* Resources */ = {
			isa = PBXResourcesBuildPhase;
			buildActionMask = 2147483647;
			files = (
			);
			runOnlyForDeploymentPostprocessing = 0;
		};
		8E7163E82E85093500D55E0F /* Resources */ = {
			isa = PBXResourcesBuildPhase;
			buildActionMask = 2147483647;
			files = (
			);
			runOnlyForDeploymentPostprocessing = 0;
		};
		8E7163F22E85093500D55E0F /* Resources */ = {
			isa = PBXResourcesBuildPhase;
			buildActionMask = 2147483647;
			files = (
			);
			runOnlyForDeploymentPostprocessing = 0;
		};
/* End PBXResourcesBuildPhase section */

/* Begin PBXSourcesBuildPhase section */
		8E7163D92E85093400D55E0F /* Sources */ = {
			isa = PBXSourcesBuildPhase;
			buildActionMask = 2147483647;
			files = (
			);
			runOnlyForDeploymentPostprocessing = 0;
		};
		8E7163E62E85093500D55E0F /* Sources */ = {
			isa = PBXSourcesBuildPhase;
			buildActionMask = 2147483647;
			files = (
			);
			runOnlyForDeploymentPostprocessing = 0;
		};
		8E7163F02E85093500D55E0F /* Sources */ = {
			isa = PBXSourcesBuildPhase;
			buildActionMask = 2147483647;
			files = (
			);
			runOnlyForDeploymentPostprocessing = 0;
		};
/* End PBXSourcesBuildPhase section */

/* Begin PBXTargetDependency section */
		8E7163EC2E85093500D55E0F /* PBXTargetDependency */ = {
			isa = PBXTargetDependency;
			target = 8E7163DC2E85093400D55E0F /* SQLSandbox */;
			targetProxy = 8E7163EB2E85093500D55E0F /* PBXContainerItemProxy */;
		};
		8E7163F62E85093500D55E0F /* PBXTargetDependency */ = {
			isa = PBXTargetDependency;
			target = 8E7163DC2E85093400D55E0F /* SQLSandbox */;
			targetProxy = 8E7163F52E85093500D55E0F /* PBXContainerItemProxy */;
		};
/* End PBXTargetDependency section */

/* Begin XCBuildConfiguration section */
		8E7163FC2E85093500D55E0F /* Debug */ = {
			isa = XCBuildConfiguration;
			buildSettings = {
				ALWAYS_SEARCH_USER_PATHS = NO;
				ASSETCATALOG_COMPILER_GENERATE_SWIFT_ASSET_SYMBOL_EXTENSIONS = YES;
				CLANG_ANALYZER_NONNULL = YES;
				CLANG_ANALYZER_NUMBER_OBJECT_CONVERSION = YES_AGGRESSIVE;
				CLANG_CXX_LANGUAGE_STANDARD = "gnu++20";
				CLANG_ENABLE_MODULES = YES;
				CLANG_ENABLE_OBJC_ARC = YES;
				CLANG_ENABLE_OBJC_WEAK = YES;
				CLANG_WARN_BLOCK_CAPTURE_AUTORELEASING = YES;
				CLANG_WARN_BOOL_CONVERSION = YES;
				CLANG_WARN_COMMA = YES;
				CLANG_WARN_CONSTANT_CONVERSION = YES;
				CLANG_WARN_DEPRECATED_OBJC_IMPLEMENTATIONS = YES;
				CLANG_WARN_DIRECT_OBJC_ISA_USAGE = YES_ERROR;
				CLANG_WARN_DOCUMENTATION_COMMENTS = YES;
				CLANG_WARN_EMPTY_BODY = YES;
				CLANG_WARN_ENUM_CONVERSION = YES;
				CLANG_WARN_INFINITE_RECURSION = YES;
				CLANG_WARN_INT_CONVERSION = YES;
				CLANG_WARN_NON_LITERAL_NULL_CONVERSION = YES;
				CLANG_WARN_OBJC_IMPLICIT_RETAIN_SELF = YES;
				CLANG_WARN_OBJC_LITERAL_CONVERSION = YES;
				CLANG_WARN_OBJC_ROOT_CLASS = YES_ERROR;
				CLANG_WARN_QUOTED_INCLUDE_IN_FRAMEWORK_HEADER = YES;
				CLANG_WARN_RANGE_LOOP_ANALYSIS = YES;
				CLANG_WARN_STRICT_PROTOTYPES = YES;
				CLANG_WARN_SUSPICIOUS_MOVE = YES;
				CLANG_WARN_UNGUARDED_AVAILABILITY = YES_AGGRESSIVE;
				CLANG_WARN_UNREACHABLE_CODE = YES;
				CLANG_WARN__DUPLICATE_METHOD_MATCH = YES;
				COPY_PHASE_STRIP = NO;
				DEBUG_INFORMATION_FORMAT = dwarf;
				DEVELOPMENT_TEAM = D4KLRF55EW;
				ENABLE_STRICT_OBJC_MSGSEND = YES;
				ENABLE_TESTABILITY = YES;
				ENABLE_USER_SCRIPT_SANDBOXING = YES;
				GCC_C_LANGUAGE_STANDARD = gnu17;
				GCC_DYNAMIC_NO_PIC = NO;
				GCC_NO_COMMON_BLOCKS = YES;
				GCC_OPTIMIZATION_LEVEL = 0;
				GCC_PREPROCESSOR_DEFINITIONS = (
					"DEBUG=1",
					"$(inherited)",
				);
				GCC_WARN_64_TO_32_BIT_CONVERSION = YES;
				GCC_WARN_ABOUT_RETURN_TYPE = YES_ERROR;
				GCC_WARN_UNDECLARED_SELECTOR = YES;
				GCC_WARN_UNINITIALIZED_AUTOS = YES_AGGRESSIVE;
				GCC_WARN_UNUSED_FUNCTION = YES;
				GCC_WARN_UNUSED_VARIABLE = YES;
				LOCALIZATION_PREFERS_STRING_CATALOGS = YES;
				MACOSX_DEPLOYMENT_TARGET = 15.7;
				MTL_ENABLE_DEBUG_INFO = INCLUDE_SOURCE;
				MTL_FAST_MATH = YES;
				ONLY_ACTIVE_ARCH = YES;
				SDKROOT = macosx;
				SWIFT_ACTIVE_COMPILATION_CONDITIONS = "DEBUG $(inherited)";
				SWIFT_OPTIMIZATION_LEVEL = "-Onone";
			};
			name = Debug;
		};
		8E7163FD2E85093500D55E0F /* Release */ = {
			isa = XCBuildConfiguration;
			buildSettings = {
				ALWAYS_SEARCH_USER_PATHS = NO;
				ASSETCATALOG_COMPILER_GENERATE_SWIFT_ASSET_SYMBOL_EXTENSIONS = YES;
				CLANG_ANALYZER_NONNULL = YES;
				CLANG_ANALYZER_NUMBER_OBJECT_CONVERSION = YES_AGGRESSIVE;
				CLANG_CXX_LANGUAGE_STANDARD = "gnu++20";
				CLANG_ENABLE_MODULES = YES;
				CLANG_ENABLE_OBJC_ARC = YES;
				CLANG_ENABLE_OBJC_WEAK = YES;
				CLANG_WARN_BLOCK_CAPTURE_AUTORELEASING = YES;
				CLANG_WARN_BOOL_CONVERSION = YES;
				CLANG_WARN_COMMA = YES;
				CLANG_WARN_CONSTANT_CONVERSION = YES;
				CLANG_WARN_DEPRECATED_OBJC_IMPLEMENTATIONS = YES;
				CLANG_WARN_DIRECT_OBJC_ISA_USAGE = YES_ERROR;
				CLANG_WARN_DOCUMENTATION_COMMENTS = YES;
				CLANG_WARN_EMPTY_BODY = YES;
				CLANG_WARN_ENUM_CONVERSION = YES;
				CLANG_WARN_INFINITE_RECURSION = YES;
				CLANG_WARN_INT_CONVERSION = YES;
				CLANG_WARN_NON_LITERAL_NULL_CONVERSION = YES;
				CLANG_WARN_OBJC_IMPLICIT_RETAIN_SELF = YES;
				CLANG_WARN_OBJC_LITERAL_CONVERSION = YES;
				CLANG_WARN_OBJC_ROOT_CLASS = YES_ERROR;
				CLANG_WARN_QUOTED_INCLUDE_IN_FRAMEWORK_HEADER = YES;
				CLANG_WARN_RANGE_LOOP_ANALYSIS = YES;
				CLANG_WARN_STRICT_PROTOTYPES = YES;
				CLANG_WARN_SUSPICIOUS_MOVE = YES;
				CLANG_WARN_UNGUARDED_AVAILABILITY = YES_AGGRESSIVE;
				CLANG_WARN_UNREACHABLE_CODE = YES;
				CLANG_WARN__DUPLICATE_METHOD_MATCH = YES;
				COPY_PHASE_STRIP = NO;
				DEBUG_INFORMATION_FORMAT = "dwarf-with-dsym";
				DEVELOPMENT_TEAM = D4KLRF55EW;
				ENABLE_NS_ASSERTIONS = NO;
				ENABLE_STRICT_OBJC_MSGSEND = YES;
				ENABLE_USER_SCRIPT_SANDBOXING = YES;
				GCC_C_LANGUAGE_STANDARD = gnu17;
				GCC_NO_COMMON_BLOCKS = YES;
				GCC_WARN_64_TO_32_BIT_CONVERSION = YES;
				GCC_WARN_ABOUT_RETURN_TYPE = YES_ERROR;
				GCC_WARN_UNDECLARED_SELECTOR = YES;
				GCC_WARN_UNINITIALIZED_AUTOS = YES_AGGRESSIVE;
				GCC_WARN_UNUSED_FUNCTION = YES;
				GCC_WARN_UNUSED_VARIABLE = YES;
				LOCALIZATION_PREFERS_STRING_CATALOGS = YES;
				MACOSX_DEPLOYMENT_TARGET = 15.7;
				MTL_ENABLE_DEBUG_INFO = NO;
				MTL_FAST_MATH = YES;
				SDKROOT = macosx;
				SWIFT_COMPILATION_MODE = wholemodule;
			};
			name = Release;
		};
		8E7163FF2E85093500D55E0F /* Debug */ = {
			isa = XCBuildConfiguration;
			buildSettings = {
				ASSETCATALOG_COMPILER_APPICON_NAME = AppIcon;
				ASSETCATALOG_COMPILER_GLOBAL_ACCENT_COLOR_NAME = AccentColor;
				CODE_SIGN_STYLE = Automatic;
				COMBINE_HIDPI_IMAGES = YES;
				CURRENT_PROJECT_VERSION = 1;
				DEVELOPMENT_TEAM = "";
				ENABLE_APP_SANDBOX = YES;
				ENABLE_HARDENED_RUNTIME = YES;
				ENABLE_PREVIEWS = YES;
				ENABLE_USER_SELECTED_FILES = readonly;
				GENERATE_INFOPLIST_FILE = YES;
				INFOPLIST_KEY_NSHumanReadableCopyright = "";
				LD_RUNPATH_SEARCH_PATHS = (
					"$(inherited)",
					"@executable_path/../Frameworks",
				);
				MARKETING_VERSION = 1.0;
				PRODUCT_BUNDLE_IDENTIFIER = com.typ0genius.SQLSandbox;
				PRODUCT_NAME = "$(TARGET_NAME)";
				REGISTER_APP_GROUPS = YES;
				STRING_CATALOG_GENERATE_SYMBOLS = YES;
				SWIFT_APPROACHABLE_CONCURRENCY = YES;
				SWIFT_DEFAULT_ACTOR_ISOLATION = MainActor;
				SWIFT_EMIT_LOC_STRINGS = YES;
				SWIFT_UPCOMING_FEATURE_MEMBER_IMPORT_VISIBILITY = YES;
				SWIFT_VERSION = 5.0;
			};
			name = Debug;
		};
		8E7164002E85093500D55E0F /* Release */ = {
			isa = XCBuildConfiguration;
			buildSettings = {
				ASSETCATALOG_COMPILER_APPICON_NAME = AppIcon;
				ASSETCATALOG_COMPILER_GLOBAL_ACCENT_COLOR_NAME = AccentColor;
				CODE_SIGN_STYLE = Automatic;
				COMBINE_HIDPI_IMAGES = YES;
				CURRENT_PROJECT_VERSION = 1;
				DEVELOPMENT_TEAM = "";
				ENABLE_APP_SANDBOX = YES;
				ENABLE_HARDENED_RUNTIME = YES;
				ENABLE_PREVIEWS = YES;
				ENABLE_USER_SELECTED_FILES = readonly;
				GENERATE_INFOPLIST_FILE = YES;
				INFOPLIST_KEY_NSHumanReadableCopyright = "";
				LD_RUNPATH_SEARCH_PATHS = (
					"$(inherited)",
					"@executable_path/../Frameworks",
				);
				MARKETING_VERSION = 1.0;
				PRODUCT_BUNDLE_IDENTIFIER = com.typ0genius.SQLSandbox;
				PRODUCT_NAME = "$(TARGET_NAME)";
				REGISTER_APP_GROUPS = YES;
				STRING_CATALOG_GENERATE_SYMBOLS = YES;
				SWIFT_APPROACHABLE_CONCURRENCY = YES;
				SWIFT_DEFAULT_ACTOR_ISOLATION = MainActor;
				SWIFT_EMIT_LOC_STRINGS = YES;
				SWIFT_UPCOMING_FEATURE_MEMBER_IMPORT_VISIBILITY = YES;
				SWIFT_VERSION = 5.0;
			};
			name = Release;
		};
		8E7164022E85093500D55E0F /* Debug */ = {
			isa = XCBuildConfiguration;
			buildSettings = {
				BUNDLE_LOADER = "$(TEST_HOST)";
				CODE_SIGN_STYLE = Automatic;
				CURRENT_PROJECT_VERSION = 1;
				DEVELOPMENT_TEAM = D4KLRF55EW;
				GENERATE_INFOPLIST_FILE = YES;
				MACOSX_DEPLOYMENT_TARGET = 15.7;
				MARKETING_VERSION = 1.0;
				PRODUCT_BUNDLE_IDENTIFIER = com.florianseida.SQLSandboxTests;
				PRODUCT_NAME = "$(TARGET_NAME)";
				STRING_CATALOG_GENERATE_SYMBOLS = NO;
				SWIFT_APPROACHABLE_CONCURRENCY = YES;
				SWIFT_EMIT_LOC_STRINGS = NO;
				SWIFT_UPCOMING_FEATURE_MEMBER_IMPORT_VISIBILITY = YES;
				SWIFT_VERSION = 5.0;
				TEST_HOST = "$(BUILT_PRODUCTS_DIR)/SQLSandbox.app/$(BUNDLE_EXECUTABLE_FOLDER_PATH)/SQLSandbox";
			};
			name = Debug;
		};
		8E7164032E85093500D55E0F /* Release */ = {
			isa = XCBuildConfiguration;
			buildSettings = {
				BUNDLE_LOADER = "$(TEST_HOST)";
				CODE_SIGN_STYLE = Automatic;
				CURRENT_PROJECT_VERSION = 1;
				DEVELOPMENT_TEAM = D4KLRF55EW;
				GENERATE_INFOPLIST_FILE = YES;
				MACOSX_DEPLOYMENT_TARGET = 15.7;
				MARKETING_VERSION = 1.0;
				PRODUCT_BUNDLE_IDENTIFIER = com.florianseida.SQLSandboxTests;
				PRODUCT_NAME = "$(TARGET_NAME)";
				STRING_CATALOG_GENERATE_SYMBOLS = NO;
				SWIFT_APPROACHABLE_CONCURRENCY = YES;
				SWIFT_EMIT_LOC_STRINGS = NO;
				SWIFT_UPCOMING_FEATURE_MEMBER_IMPORT_VISIBILITY = YES;
				SWIFT_VERSION = 5.0;
				TEST_HOST = "$(BUILT_PRODUCTS_DIR)/SQLSandbox.app/$(BUNDLE_EXECUTABLE_FOLDER_PATH)/SQLSandbox";
			};
			name = Release;
		};
		8E7164052E85093500D55E0F /* Debug */ = {
			isa = XCBuildConfiguration;
			buildSettings = {
				CODE_SIGN_STYLE = Automatic;
				CURRENT_PROJECT_VERSION = 1;
				DEVELOPMENT_TEAM = D4KLRF55EW;
				GENERATE_INFOPLIST_FILE = YES;
				MARKETING_VERSION = 1.0;
				PRODUCT_BUNDLE_IDENTIFIER = com.florianseida.SQLSandboxUITests;
				PRODUCT_NAME = "$(TARGET_NAME)";
				STRING_CATALOG_GENERATE_SYMBOLS = NO;
				SWIFT_APPROACHABLE_CONCURRENCY = YES;
				SWIFT_EMIT_LOC_STRINGS = NO;
				SWIFT_UPCOMING_FEATURE_MEMBER_IMPORT_VISIBILITY = YES;
				SWIFT_VERSION = 5.0;
				TEST_TARGET_NAME = SQLSandbox;
			};
			name = Debug;
		};
		8E7164062E85093500D55E0F /* Release */ = {
			isa = XCBuildConfiguration;
			buildSettings = {
				CODE_SIGN_STYLE = Automatic;
				CURRENT_PROJECT_VERSION = 1;
				DEVELOPMENT_TEAM = D4KLRF55EW;
				GENERATE_INFOPLIST_FILE = YES;
				MARKETING_VERSION = 1.0;
				PRODUCT_BUNDLE_IDENTIFIER = com.florianseida.SQLSandboxUITests;
				PRODUCT_NAME = "$(TARGET_NAME)";
				STRING_CATALOG_GENERATE_SYMBOLS = NO;
				SWIFT_APPROACHABLE_CONCURRENCY = YES;
				SWIFT_EMIT_LOC_STRINGS = NO;
				SWIFT_UPCOMING_FEATURE_MEMBER_IMPORT_VISIBILITY = YES;
				SWIFT_VERSION = 5.0;
				TEST_TARGET_NAME = SQLSandbox;
			};
			name = Release;
		};
/* End XCBuildConfiguration section */

/* Begin XCConfigurationList section */
		8E7163D82E85093300D55E0F /* Build configuration list for PBXProject "SQLSandbox" */ = {
			isa = XCConfigurationList;
			buildConfigurations = (
				8E7163FC2E85093500D55E0F /* Debug */,
				8E7163FD2E85093500D55E0F /* Release */,
			);
			defaultConfigurationIsVisible = 0;
			defaultConfigurationName = Release;
		};
		8E7163FE2E85093500D55E0F /* Build configuration list for PBXNativeTarget "SQLSandbox" */ = {
			isa = XCConfigurationList;
			buildConfigurations = (
				8E7163FF2E85093500D55E0F /* Debug */,
				8E7164002E85093500D55E0F /* Release */,
			);
			defaultConfigurationIsVisible = 0;
			defaultConfigurationName = Release;
		};
		8E7164012E85093500D55E0F /* Build configuration list for PBXNativeTarget "SQLSandboxTests" */ = {
			isa = XCConfigurationList;
			buildConfigurations = (
				8E7164022E85093500D55E0F /* Debug */,
				8E7164032E85093500D55E0F /* Release */,
			);
			defaultConfigurationIsVisible = 0;
			defaultConfigurationName = Release;
		};
		8E7164042E85093500D55E0F /* Build configuration list for PBXNativeTarget "SQLSandboxUITests" */ = {
			isa = XCConfigurationList;
			buildConfigurations = (
				8E7164052E85093500D55E0F /* Debug */,
				8E7164062E85093500D55E0F /* Release */,
			);
			defaultConfigurationIsVisible = 0;
			defaultConfigurationName = Release;
		};
/* End XCConfigurationList section */

/* Begin XCRemoteSwiftPackageReference section */
		8E7164072E850ABE00D55E0F /* XCRemoteSwiftPackageReference "sqlite-data" */ = {
			isa = XCRemoteSwiftPackageReference;
			repositoryURL = "https://github.com/pointfreeco/sqlite-data/?tab=readme-ov-file#SQLite-knowledge-required";
			requirement = {
				kind = upToNextMajorVersion;
				minimumVersion = 1.0.0;
			};
		};
/* End XCRemoteSwiftPackageReference section */

/* Begin XCSwiftPackageProductDependency section */
		8E7164082E850ABE00D55E0F /* SQLiteData */ = {
			isa = XCSwiftPackageProductDependency;
			package = 8E7164072E850ABE00D55E0F /* XCRemoteSwiftPackageReference "sqlite-data" */;
			productName = SQLiteData;
		};
/* End XCSwiftPackageProductDependency section */
	};
	rootObject = 8E7163D52E85093300D55E0F /* Project object */;
}
